
Microsoft Visual Studio Solution File, Format Version 12.00
# Visual Studio Version 17
VisualStudioVersion = 17.7.34024.191
MinimumVisualStudioVersion = 10.0.40219.1
Project("{FAE04EC0-301F-11D3-BF4B-00C04F79EFBC}") = "text_redaktor", "text_redaktor\text_redaktor.csproj", "{AD10B24E-D3AF-43EA-8860-F6451F5D1440}"
EndProject
Global
	GlobalSection(SolutionConfigurationPlatforms) = preSolution
		Debug|Any CPU = Debug|Any CPU
		Release|Any CPU = Release|Any CPU
	EndGlobalSection
	GlobalSection(ProjectConfigurationPlatforms) = postSolution
		{AD10B24E-D3AF-43EA-8860-F6451F5D1440}.Debug|Any CPU.ActiveCfg = Debug|Any CPU
		{AD10B24E-D3AF-43EA-8860-F6451F5D1440}.Debug|Any CPU.Build.0 = Debug|Any CPU
		{AD10B24E-D3AF-43EA-8860-F6451F5D1440}.Release|Any CPU.ActiveCfg = Release|Any CPU
		{AD10B24E-D3AF-43EA-8860-F6451F5D1440}.Release|Any CPU.Build.0 = Release|Any CPU
	EndGlobalSection
	GlobalSection(SolutionProperties) = preSolution
		HideSolutionNode = FALSE
	EndGlobalSection
	GlobalSection(ExtensibilityGlobals) = postSolution
		SolutionGuid = {B9D450A6-BC20-41BC-93DB-D16D2AFA4C91}
	EndGlobalSection
EndGlobal
